Microsoft Visual Studio Solution File, Format Version 12.00
# Visual Studio 15
VisualStudioVersion = 15.0.26124.0
MinimumVisualStudioVersion = 15.0.26124.0
Project("{2150E333-8FDC-42A3-9474-1A3956D46DE8}") = "src", "src", "{1724ff30-2f09-4afb-a072-561fd0a39079}"
EndProject
Project("{FAE04EC0-301F-11D3-BF4B-00C04F79EFBC}") = "nodeDocker", "src\nodeDocker\nodeDocker.csproj", "{59f5e286-8450-414d-826e-52fb4dce73d9}"
EndProject
Project("{FAE04EC0-301F-11D3-BF4B-00C04F79EFBC}") = "nodeDocker.Tests", "src\nodeDocker.Tests\nodeDocker.Tests.csproj", "{c7fee4ea-01fa-4f6c-9b70-89b12b8125e7}"
EndProject
Global
	GlobalSection(SolutionConfigurationPlatforms) = preSolution
		Debug|Any CPU = Debug|Any CPU
		Debug|x64 = Debug|x64
		Debug|x86 = Debug|x86
		Release|Any CPU = Release|Any CPU
		Release|x64 = Release|x64
		Release|x86 = Release|x86
	EndGlobalSection
	GlobalSection(ProjectConfigurationPlatforms) = postSolution
		{59f5e286-8450-414d-826e-52fb4dce73d9}.Debug|Any CPU.ActiveCfg = Debug|Any CPU
		{59f5e286-8450-414d-826e-52fb4dce73d9}.Debug|Any CPU.Build.0 = Debug|Any CPU
		{59f5e286-8450-414d-826e-52fb4dce73d9}.Debug|x64.ActiveCfg = Debug|Any CPU
		{59f5e286-8450-414d-826e-52fb4dce73d9}.Debug|x64.Build.0 = Debug|Any CPU
		{59f5e286-8450-414d-826e-52fb4dce73d9}.Debug|x86.ActiveCfg = Debug|Any CPU
		{59f5e286-8450-414d-826e-52fb4dce73d9}.Debug|x86.Build.0 = Debug|Any CPU
		{59f5e286-8450-414d-826e-52fb4dce73d9}.Release|Any CPU.ActiveCfg = Release|Any CPU
		{59f5e286-8450-414d-826e-52fb4dce73d9}.Release|Any CPU.Build.0 = Release|Any CPU
		{59f5e286-8450-414d-826e-52fb4dce73d9}.Release|x64.ActiveCfg = Release|Any CPU
		{59f5e286-8450-414d-826e-52fb4dce73d9}.Release|x64.Build.0 = Release|Any CPU
		{59f5e286-8450-414d-826e-52fb4dce73d9}.Release|x86.ActiveCfg = Release|Any CPU
		{59f5e286-8450-414d-826e-52fb4dce73d9}.Release|x86.Build.0 = Release|Any CPU
		{c7fee4ea-01fa-4f6c-9b70-89b12b8125e7}.Debug|Any CPU.ActiveCfg = Debug|Any CPU
		{c7fee4ea-01fa-4f6c-9b70-89b12b8125e7}.Debug|Any CPU.Build.0 = Debug|Any CPU
		{c7fee4ea-01fa-4f6c-9b70-89b12b8125e7}.Debug|x64.ActiveCfg = Debug|Any CPU
		{c7fee4ea-01fa-4f6c-9b70-89b12b8125e7}.Debug|x64.Build.0 = Debug|Any CPU
		{c7fee4ea-01fa-4f6c-9b70-89b12b8125e7}.Debug|x86.ActiveCfg = Debug|Any CPU
		{c7fee4ea-01fa-4f6c-9b70-89b12b8125e7}.Debug|x86.Build.0 = Debug|Any CPU
		{c7fee4ea-01fa-4f6c-9b70-89b12b8125e7}.Release|Any CPU.ActiveCfg = Release|Any CPU
		{c7fee4ea-01fa-4f6c-9b70-89b12b8125e7}.Release|Any CPU.Build.0 = Release|Any CPU
		{c7fee4ea-01fa-4f6c-9b70-89b12b8125e7}.Release|x64.ActiveCfg = Release|Any CPU
		{c7fee4ea-01fa-4f6c-9b70-89b12b8125e7}.Release|x64.Build.0 = Release|Any CPU
		{c7fee4ea-01fa-4f6c-9b70-89b12b8125e7}.Release|x86.ActiveCfg = Release|Any CPU
		{c7fee4ea-01fa-4f6c-9b70-89b12b8125e7}.Release|x86.Build.0 = Release|Any CPU
	EndGlobalSection
	GlobalSection(SolutionProperties) = preSolution
		HideSolutionNode = FALSE
	EndGlobalSection
	GlobalSection(NestedProjects) = preSolution
		{59f5e286-8450-414d-826e-52fb4dce73d9} = {1724ff30-2f09-4afb-a072-561fd0a39079}
		{c7fee4ea-01fa-4f6c-9b70-89b12b8125e7} = {1724ff30-2f09-4afb-a072-561fd0a39079}
	EndGlobalSection
EndGlobal
